{
  "requires": true,
  "lockfileVersion": 1,
  "dependencies": {
    "openmct": {
      "version": "1.6.0",
      "resolved": "https://registry.npmjs.org/openmct/-/openmct-1.6.0.tgz",
      "integrity": "sha512-3l1iXlYpm0w6Ejly1SoKKQdGb0B5UZdqAoTgGZTsZNdLw6ZMe1j9qmQ5bkJKI+yCNAlcLSHvQjTTEjmyG8fX1w=="
    }
  }
}
